
Microsoft Visual Studio Solution File, Format Version 12.00
# Visual Studio Version 17
VisualStudioVersion = 17.14.36616.10
MinimumVisualStudioVersion = 10.0.40219.1
Project("{FAE04EC0-301F-11D3-BF4B-00C04F79EFBC}") = "LivePhotoBox", "LivePhotoBox\\LivePhotoBox.csproj", "{C031F8F3-E645-431A-9DF7-74A03063BF2A}"
EndProject
Project("{FAE04EC0-301F-11D3-BF4B-00C04F79EFBC}") = "ThumbnailStressTest", "tests\ThumbnailStressTest\ThumbnailStressTest.csproj", "{D8876BE3-00BB-4670-B019-8BCA5E2970E1}"
EndProject
Project("{FAE04EC0-301F-11D3-BF4B-00C04F79EFBC}") = "LivePhotoBox.Core", "LivePhotoBox.Core\LivePhotoBox.Core.csproj", "{3B124EE5-4C88-49A6-B9E8-4C0F16BD5CE3}"
EndProject
Project("{FAE04EC0-301F-11D3-BF4B-00C04F79EFBC}") = "LivePhotoBox.CLI", "LivePhotoBox.CLI\LivePhotoBox.CLI.csproj", "{19DD1B04-D2A0-4D72-A1D2-447A61A515B2}"
EndProject
Project("{2150E333-8FDC-42A3-9474-1A3956D46DE8}") = "tests", "tests", "{0AB3BF05-4346-4AA6-1389-037BE0695223}"
EndProject
Project("{FAE04EC0-301F-11D3-BF4B-00C04F79EFBC}") = "LivePhotoBox.Core.Tests", "tests\LivePhotoBox.Core.Tests\LivePhotoBox.Core.Tests.csproj", "{B0BB8D62-B016-40AB-A990-C9251D6CE279}"
EndProject
Project("{FAE04EC0-301F-11D3-BF4B-00C04F79EFBC}") = "LivePhotoBox.CLI.Tests", "tests\LivePhotoBox.CLI.Tests\LivePhotoBox.CLI.Tests.csproj", "{0E5B6FA8-3BD7-46B8-8337-ED57D32D2822}"
EndProject
Project("{FAE04EC0-301F-11D3-BF4B-00C04F79EFBC}") = "LivePhotoBox.Benchmarks", "tests\LivePhotoBox.Benchmarks\LivePhotoBox.Benchmarks.csproj", "{27DCB756-DCCC-4A05-A331-814BBB22B22C}"
EndProject
Project("{FAE04EC0-301F-11D3-BF4B-00C04F79EFBC}") = "LivePhotoBox.UITests", "tests\LivePhotoBox.UITests\LivePhotoBox.UITests.csproj", "{C82A6679-41EC-41A9-B717-E2D703DA9E94}"
EndProject
Project("{FAE04EC0-301F-11D3-BF4B-00C04F79EFBC}") = "LivePhotoBoxStressTest", "tests\LivePhotoBoxStressTest\LivePhotoBoxStressTest.csproj", "{B2F50859-98E2-49D5-BDB5-23DE7378CA93}"
EndProject
Global
	GlobalSection(SolutionConfigurationPlatforms) = preSolution
		Debug|ARM64 = Debug|ARM64
		Debug|x64 = Debug|x64
		Debug|x86 = Debug|x86
		Debug|Any CPU = Debug|Any CPU
		Release|ARM64 = Release|ARM64
		Release|x64 = Release|x64
		Release|x86 = Release|x86
		Release|Any CPU = Release|Any CPU
	EndGlobalSection
	GlobalSection(ProjectConfigurationPlatforms) = postSolution
		{C031F8F3-E645-431A-9DF7-74A03063BF2A}.Debug|ARM64.ActiveCfg = Debug|ARM64
		{C031F8F3-E645-431A-9DF7-74A03063BF2A}.Debug|ARM64.Build.0 = Debug|ARM64
		{C031F8F3-E645-431A-9DF7-74A03063BF2A}.Debug|ARM64.Deploy.0 = Debug|ARM64
		{C031F8F3-E645-431A-9DF7-74A03063BF2A}.Debug|x64.ActiveCfg = Debug|x64
		{C031F8F3-E645-431A-9DF7-74A03063BF2A}.Debug|x64.Build.0 = Debug|x64
		{C031F8F3-E645-431A-9DF7-74A03063BF2A}.Debug|x64.Deploy.0 = Debug|x64
		{C031F8F3-E645-431A-9DF7-74A03063BF2A}.Debug|x86.ActiveCfg = Debug|x86
		{C031F8F3-E645-431A-9DF7-74A03063BF2A}.Debug|x86.Build.0 = Debug|x86
		{C031F8F3-E645-431A-9DF7-74A03063BF2A}.Debug|x86.Deploy.0 = Debug|x86
		{C031F8F3-E645-431A-9DF7-74A03063BF2A}.Debug|Any CPU.ActiveCfg = Debug|Any CPU
		{C031F8F3-E645-431A-9DF7-74A03063BF2A}.Debug|Any CPU.Build.0 = Debug|Any CPU
		{C031F8F3-E645-431A-9DF7-74A03063BF2A}.Release|ARM64.ActiveCfg = Release|ARM64
		{C031F8F3-E645-431A-9DF7-74A03063BF2A}.Release|ARM64.Build.0 = Release|ARM64
		{C031F8F3-E645-431A-9DF7-74A03063BF2A}.Release|ARM64.Deploy.0 = Release|ARM64
		{C031F8F3-E645-431A-9DF7-74A03063BF2A}.Release|x64.ActiveCfg = Release|x64
		{C031F8F3-E645-431A-9DF7-74A03063BF2A}.Release|x64.Build.0 = Release|x64
		{C031F8F3-E645-431A-9DF7-74A03063BF2A}.Release|x64.Deploy.0 = Release|x64
		{C031F8F3-E645-431A-9DF7-74A03063BF2A}.Release|x86.ActiveCfg = Release|x86
		{C031F8F3-E645-431A-9DF7-74A03063BF2A}.Release|x86.Build.0 = Release|x86
		{C031F8F3-E645-431A-9DF7-74A03063BF2A}.Release|x86.Deploy.0 = Release|x86
		{C031F8F3-E645-431A-9DF7-74A03063BF2A}.Release|Any CPU.ActiveCfg = Release|Any CPU
		{C031F8F3-E645-431A-9DF7-74A03063BF2A}.Release|Any CPU.Build.0 = Release|Any CPU
		{D8876BE3-00BB-4670-B019-8BCA5E2970E1}.Debug|ARM64.ActiveCfg = Debug|Any CPU
		{D8876BE3-00BB-4670-B019-8BCA5E2970E1}.Debug|ARM64.Build.0 = Debug|Any CPU
		{D8876BE3-00BB-4670-B019-8BCA5E2970E1}.Debug|x64.ActiveCfg = Debug|Any CPU
		{D8876BE3-00BB-4670-B019-8BCA5E2970E1}.Debug|x64.Build.0 = Debug|Any CPU
		{D8876BE3-00BB-4670-B019-8BCA5E2970E1}.Debug|x86.ActiveCfg = Debug|Any CPU
		{D8876BE3-00BB-4670-B019-8BCA5E2970E1}.Debug|x86.Build.0 = Debug|Any CPU
		{D8876BE3-00BB-4670-B019-8BCA5E2970E1}.Debug|Any CPU.ActiveCfg = Debug|Any CPU
		{D8876BE3-00BB-4670-B019-8BCA5E2970E1}.Debug|Any CPU.Build.0 = Debug|Any CPU
		{D8876BE3-00BB-4670-B019-8BCA5E2970E1}.Release|ARM64.ActiveCfg = Release|Any CPU
		{D8876BE3-00BB-4670-B019-8BCA5E2970E1}.Release|ARM64.Build.0 = Release|Any CPU
		{D8876BE3-00BB-4670-B019-8BCA5E2970E1}.Release|x64.ActiveCfg = Release|Any CPU
		{D8876BE3-00BB-4670-B019-8BCA5E2970E1}.Release|x64.Build.0 = Release|Any CPU
		{D8876BE3-00BB-4670-B019-8BCA5E2970E1}.Release|x86.ActiveCfg = Release|Any CPU
		{D8876BE3-00BB-4670-B019-8BCA5E2970E1}.Release|x86.Build.0 = Release|Any CPU
		{D8876BE3-00BB-4670-B019-8BCA5E2970E1}.Release|Any CPU.ActiveCfg = Release|Any CPU
		{D8876BE3-00BB-4670-B019-8BCA5E2970E1}.Release|Any CPU.Build.0 = Release|Any CPU
		{3B124EE5-4C88-49A6-B9E8-4C0F16BD5CE3}.Debug|ARM64.ActiveCfg = Debug|Any CPU
		{3B124EE5-4C88-49A6-B9E8-4C0F16BD5CE3}.Debug|ARM64.Build.0 = Debug|Any CPU
		{3B124EE5-4C88-49A6-B9E8-4C0F16BD5CE3}.Debug|x64.ActiveCfg = Debug|Any CPU
		{3B124EE5-4C88-49A6-B9E8-4C0F16BD5CE3}.Debug|x64.Build.0 = Debug|Any CPU
		{3B124EE5-4C88-49A6-B9E8-4C0F16BD5CE3}.Debug|x86.ActiveCfg = Debug|Any CPU
		{3B124EE5-4C88-49A6-B9E8-4C0F16BD5CE3}.Debug|x86.Build.0 = Debug|Any CPU
		{3B124EE5-4C88-49A6-B9E8-4C0F16BD5CE3}.Debug|Any CPU.ActiveCfg = Debug|Any CPU
		{3B124EE5-4C88-49A6-B9E8-4C0F16BD5CE3}.Debug|Any CPU.Build.0 = Debug|Any CPU
		{3B124EE5-4C88-49A6-B9E8-4C0F16BD5CE3}.Release|ARM64.ActiveCfg = Release|Any CPU
		{3B124EE5-4C88-49A6-B9E8-4C0F16BD5CE3}.Release|ARM64.Build.0 = Release|Any CPU
		{3B124EE5-4C88-49A6-B9E8-4C0F16BD5CE3}.Release|x64.ActiveCfg = Release|Any CPU
		{3B124EE5-4C88-49A6-B9E8-4C0F16BD5CE3}.Release|x64.Build.0 = Release|Any CPU
		{3B124EE5-4C88-49A6-B9E8-4C0F16BD5CE3}.Release|x86.ActiveCfg = Release|Any CPU
		{3B124EE5-4C88-49A6-B9E8-4C0F16BD5CE3}.Release|x86.Build.0 = Release|Any CPU
		{3B124EE5-4C88-49A6-B9E8-4C0F16BD5CE3}.Release|Any CPU.ActiveCfg = Release|Any CPU
		{3B124EE5-4C88-49A6-B9E8-4C0F16BD5CE3}.Release|Any CPU.Build.0 = Release|Any CPU
		{19DD1B04-D2A0-4D72-A1D2-447A61A515B2}.Debug|ARM64.ActiveCfg = Debug|Any CPU
		{19DD1B04-D2A0-4D72-A1D2-447A61A515B2}.Debug|ARM64.Build.0 = Debug|Any CPU
		{19DD1B04-D2A0-4D72-A1D2-447A61A515B2}.Debug|x64.ActiveCfg = Debug|Any CPU
		{19DD1B04-D2A0-4D72-A1D2-447A61A515B2}.Debug|x64.Build.0 = Debug|Any CPU
		{19DD1B04-D2A0-4D72-A1D2-447A61A515B2}.Debug|x86.ActiveCfg = Debug|Any CPU
		{19DD1B04-D2A0-4D72-A1D2-447A61A515B2}.Debug|x86.Build.0 = Debug|Any CPU
		{19DD1B04-D2A0-4D72-A1D2-447A61A515B2}.Debug|Any CPU.ActiveCfg = Debug|Any CPU
		{19DD1B04-D2A0-4D72-A1D2-447A61A515B2}.Debug|Any CPU.Build.0 = Debug|Any CPU
		{19DD1B04-D2A0-4D72-A1D2-447A61A515B2}.Release|ARM64.ActiveCfg = Release|Any CPU
		{19DD1B04-D2A0-4D72-A1D2-447A61A515B2}.Release|ARM64.Build.0 = Release|Any CPU
		{19DD1B04-D2A0-4D72-A1D2-447A61A515B2}.Release|x64.ActiveCfg = Release|Any CPU
		{19DD1B04-D2A0-4D72-A1D2-447A61A515B2}.Release|x64.Build.0 = Release|Any CPU
		{19DD1B04-D2A0-4D72-A1D2-447A61A515B2}.Release|x86.ActiveCfg = Release|Any CPU
		{19DD1B04-D2A0-4D72-A1D2-447A61A515B2}.Release|x86.Build.0 = Release|Any CPU
		{19DD1B04-D2A0-4D72-A1D2-447A61A515B2}.Release|Any CPU.ActiveCfg = Release|Any CPU
		{19DD1B04-D2A0-4D72-A1D2-447A61A515B2}.Release|Any CPU.Build.0 = Release|Any CPU
		{B0BB8D62-B016-40AB-A990-C9251D6CE279}.Debug|ARM64.ActiveCfg = Debug|x64
		{B0BB8D62-B016-40AB-A990-C9251D6CE279}.Debug|ARM64.Build.0 = Debug|x64
		{B0BB8D62-B016-40AB-A990-C9251D6CE279}.Debug|x64.ActiveCfg = Debug|x64
		{B0BB8D62-B016-40AB-A990-C9251D6CE279}.Debug|x64.Build.0 = Debug|x64
		{B0BB8D62-B016-40AB-A990-C9251D6CE279}.Debug|x86.ActiveCfg = Debug|x64
		{B0BB8D62-B016-40AB-A990-C9251D6CE279}.Debug|x86.Build.0 = Debug|x64
		{B0BB8D62-B016-40AB-A990-C9251D6CE279}.Debug|Any CPU.ActiveCfg = Debug|x64
		{B0BB8D62-B016-40AB-A990-C9251D6CE279}.Debug|Any CPU.Build.0 = Debug|x64
		{B0BB8D62-B016-40AB-A990-C9251D6CE279}.Release|ARM64.ActiveCfg = Release|x64
		{B0BB8D62-B016-40AB-A990-C9251D6CE279}.Release|ARM64.Build.0 = Release|x64
		{B0BB8D62-B016-40AB-A990-C9251D6CE279}.Release|x64.ActiveCfg = Release|x64
		{B0BB8D62-B016-40AB-A990-C9251D6CE279}.Release|x64.Build.0 = Release|x64
		{B0BB8D62-B016-40AB-A990-C9251D6CE279}.Release|x86.ActiveCfg = Release|x64
		{B0BB8D62-B016-40AB-A990-C9251D6CE279}.Release|x86.Build.0 = Release|x64
		{B0BB8D62-B016-40AB-A990-C9251D6CE279}.Release|Any CPU.ActiveCfg = Release|x64
		{B0BB8D62-B016-40AB-A990-C9251D6CE279}.Release|Any CPU.Build.0 = Release|x64
		{0E5B6FA8-3BD7-46B8-8337-ED57D32D2822}.Debug|ARM64.ActiveCfg = Debug|x64
		{0E5B6FA8-3BD7-46B8-8337-ED57D32D2822}.Debug|ARM64.Build.0 = Debug|x64
		{0E5B6FA8-3BD7-46B8-8337-ED57D32D2822}.Debug|x64.ActiveCfg = Debug|x64
		{0E5B6FA8-3BD7-46B8-8337-ED57D32D2822}.Debug|x64.Build.0 = Debug|x64
		{0E5B6FA8-3BD7-46B8-8337-ED57D32D2822}.Debug|x86.ActiveCfg = Debug|x64
		{0E5B6FA8-3BD7-46B8-8337-ED57D32D2822}.Debug|x86.Build.0 = Debug|x64
		{0E5B6FA8-3BD7-46B8-8337-ED57D32D2822}.Debug|Any CPU.ActiveCfg = Debug|x64
		{0E5B6FA8-3BD7-46B8-8337-ED57D32D2822}.Debug|Any CPU.Build.0 = Debug|x64
		{0E5B6FA8-3BD7-46B8-8337-ED57D32D2822}.Release|ARM64.ActiveCfg = Release|x64
		{0E5B6FA8-3BD7-46B8-8337-ED57D32D2822}.Release|ARM64.Build.0 = Release|x64
		{0E5B6FA8-3BD7-46B8-8337-ED57D32D2822}.Release|x64.ActiveCfg = Release|x64
		{0E5B6FA8-3BD7-46B8-8337-ED57D32D2822}.Release|x64.Build.0 = Release|x64
		{0E5B6FA8-3BD7-46B8-8337-ED57D32D2822}.Release|x86.ActiveCfg = Release|x64
		{0E5B6FA8-3BD7-46B8-8337-ED57D32D2822}.Release|x86.Build.0 = Release|x64
		{0E5B6FA8-3BD7-46B8-8337-ED57D32D2822}.Release|Any CPU.ActiveCfg = Release|x64
		{0E5B6FA8-3BD7-46B8-8337-ED57D32D2822}.Release|Any CPU.Build.0 = Release|x64
		{27DCB756-DCCC-4A05-A331-814BBB22B22C}.Debug|ARM64.ActiveCfg = Debug|Any CPU
		{27DCB756-DCCC-4A05-A331-814BBB22B22C}.Debug|ARM64.Build.0 = Debug|Any CPU
		{27DCB756-DCCC-4A05-A331-814BBB22B22C}.Debug|x64.ActiveCfg = Debug|Any CPU
		{27DCB756-DCCC-4A05-A331-814BBB22B22C}.Debug|x64.Build.0 = Debug|Any CPU
		{27DCB756-DCCC-4A05-A331-814BBB22B22C}.Debug|x86.ActiveCfg = Debug|Any CPU
		{27DCB756-DCCC-4A05-A331-814BBB22B22C}.Debug|x86.Build.0 = Debug|Any CPU
		{27DCB756-DCCC-4A05-A331-814BBB22B22C}.Debug|Any CPU.ActiveCfg = Debug|Any CPU
		{27DCB756-DCCC-4A05-A331-814BBB22B22C}.Debug|Any CPU.Build.0 = Debug|Any CPU
		{27DCB756-DCCC-4A05-A331-814BBB22B22C}.Release|ARM64.ActiveCfg = Release|Any CPU
		{27DCB756-DCCC-4A05-A331-814BBB22B22C}.Release|ARM64.Build.0 = Release|Any CPU
		{27DCB756-DCCC-4A05-A331-814BBB22B22C}.Release|x64.ActiveCfg = Release|Any CPU
		{27DCB756-DCCC-4A05-A331-814BBB22B22C}.Release|x64.Build.0 = Release|Any CPU
		{27DCB756-DCCC-4A05-A331-814BBB22B22C}.Release|x86.ActiveCfg = Release|Any CPU
		{27DCB756-DCCC-4A05-A331-814BBB22B22C}.Release|x86.Build.0 = Release|Any CPU
		{27DCB756-DCCC-4A05-A331-814BBB22B22C}.Release|Any CPU.ActiveCfg = Release|Any CPU
		{27DCB756-DCCC-4A05-A331-814BBB22B22C}.Release|Any CPU.Build.0 = Release|Any CPU
		{C82A6679-41EC-41A9-B717-E2D703DA9E94}.Debug|ARM64.ActiveCfg = Debug|Any CPU
		{C82A6679-41EC-41A9-B717-E2D703DA9E94}.Debug|ARM64.Build.0 = Debug|Any CPU
		{C82A6679-41EC-41A9-B717-E2D703DA9E94}.Debug|x64.ActiveCfg = Debug|Any CPU
		{C82A6679-41EC-41A9-B717-E2D703DA9E94}.Debug|x64.Build.0 = Debug|Any CPU
		{C82A6679-41EC-41A9-B717-E2D703DA9E94}.Debug|x86.ActiveCfg = Debug|Any CPU
		{C82A6679-41EC-41A9-B717-E2D703DA9E94}.Debug|x86.Build.0 = Debug|Any CPU
		{C82A6679-41EC-41A9-B717-E2D703DA9E94}.Debug|Any CPU.ActiveCfg = Debug|Any CPU
		{C82A6679-41EC-41A9-B717-E2D703DA9E94}.Debug|Any CPU.Build.0 = Debug|Any CPU
		{C82A6679-41EC-41A9-B717-E2D703DA9E94}.Release|ARM64.ActiveCfg = Release|Any CPU
		{C82A6679-41EC-41A9-B717-E2D703DA9E94}.Release|ARM64.Build.0 = Release|Any CPU
		{C82A6679-41EC-41A9-B717-E2D703DA9E94}.Release|x64.ActiveCfg = Release|Any CPU
		{C82A6679-41EC-41A9-B717-E2D703DA9E94}.Release|x64.Build.0 = Release|Any CPU
		{C82A6679-41EC-41A9-B717-E2D703DA9E94}.Release|x86.ActiveCfg = Release|Any CPU
		{C82A6679-41EC-41A9-B717-E2D703DA9E94}.Release|x86.Build.0 = Release|Any CPU
		{C82A6679-41EC-41A9-B717-E2D703DA9E94}.Release|Any CPU.ActiveCfg = Release|Any CPU
		{C82A6679-41EC-41A9-B717-E2D703DA9E94}.Release|Any CPU.Build.0 = Release|Any CPU
		{B2F50859-98E2-49D5-BDB5-23DE7378CA93}.Debug|ARM64.ActiveCfg = Debug|x64
		{B2F50859-98E2-49D5-BDB5-23DE7378CA93}.Debug|ARM64.Build.0 = Debug|x64
		{B2F50859-98E2-49D5-BDB5-23DE7378CA93}.Debug|x64.ActiveCfg = Debug|x64
		{B2F50859-98E2-49D5-BDB5-23DE7378CA93}.Debug|x64.Build.0 = Debug|x64
		{B2F50859-98E2-49D5-BDB5-23DE7378CA93}.Debug|x86.ActiveCfg = Debug|x64
		{B2F50859-98E2-49D5-BDB5-23DE7378CA93}.Debug|x86.Build.0 = Debug|x64
		{B2F50859-98E2-49D5-BDB5-23DE7378CA93}.Debug|Any CPU.ActiveCfg = Debug|x64
		{B2F50859-98E2-49D5-BDB5-23DE7378CA93}.Debug|Any CPU.Build.0 = Debug|x64
		{B2F50859-98E2-49D5-BDB5-23DE7378CA93}.Release|ARM64.ActiveCfg = Release|x64
		{B2F50859-98E2-49D5-BDB5-23DE7378CA93}.Release|ARM64.Build.0 = Release|x64
		{B2F50859-98E2-49D5-BDB5-23DE7378CA93}.Release|x64.ActiveCfg = Release|x64
		{B2F50859-98E2-49D5-BDB5-23DE7378CA93}.Release|x64.Build.0 = Release|x64
		{B2F50859-98E2-49D5-BDB5-23DE7378CA93}.Release|x86.ActiveCfg = Release|x64
		{B2F50859-98E2-49D5-BDB5-23DE7378CA93}.Release|x86.Build.0 = Release|x64
		{B2F50859-98E2-49D5-BDB5-23DE7378CA93}.Release|Any CPU.ActiveCfg = Release|x64
		{B2F50859-98E2-49D5-BDB5-23DE7378CA93}.Release|Any CPU.Build.0 = Release|x64
	EndGlobalSection
	GlobalSection(SolutionProperties) = preSolution
		HideSolutionNode = FALSE
	EndGlobalSection
	GlobalSection(NestedProjects) = preSolution
		{B0BB8D62-B016-40AB-A990-C9251D6CE279} = {0AB3BF05-4346-4AA6-1389-037BE0695223}
		{0E5B6FA8-3BD7-46B8-8337-ED57D32D2822} = {0AB3BF05-4346-4AA6-1389-037BE0695223}
		{D8876BE3-00BB-4670-B019-8BCA5E2970E1} = {0AB3BF05-4346-4AA6-1389-037BE0695223}
		{27DCB756-DCCC-4A05-A331-814BBB22B22C} = {0AB3BF05-4346-4AA6-1389-037BE0695223}
		{C82A6679-41EC-41A9-B717-E2D703DA9E94} = {0AB3BF05-4346-4AA6-1389-037BE0695223}
		{B2F50859-98E2-49D5-BDB5-23DE7378CA93} = {0AB3BF05-4346-4AA6-1389-037BE0695223}
	EndGlobalSection
	GlobalSection(ExtensibilityGlobals) = postSolution
		SolutionGuid = {A872D999-5EA8-4681-94F5-65A7B04BEFE8}
	EndGlobalSection
EndGlobal
